
Microsoft Visual Studio Solution File, Format Version 12.00
# Visual Studio Version 17
VisualStudioVersion = 17.5.33530.505
MinimumVisualStudioVersion = 10.0.40219.1
Project("{FAE04EC0-301F-11D3-BF4B-00C04F79EFBC}") = "csharp-oop-shop", "csharp-oop-shop\csharp-oop-shop.csproj", "{92DD4083-D11F-45BC-A9C7-E51297DFF501}"
EndProject
Global
	GlobalSection(SolutionConfigurationPlatforms) = preSolution
		Debug|Any CPU = Debug|Any CPU
		Release|Any CPU = Release|Any CPU
	EndGlobalSection
	GlobalSection(ProjectConfigurationPlatforms) = postSolution
		{92DD4083-D11F-45BC-A9C7-E51297DFF501}.Debug|Any CPU.ActiveCfg = Debug|Any CPU
		{92DD4083-D11F-45BC-A9C7-E51297DFF501}.Debug|Any CPU.Build.0 = Debug|Any CPU
		{92DD4083-D11F-45BC-A9C7-E51297DFF501}.Release|Any CPU.ActiveCfg = Release|Any CPU
		{92DD4083-D11F-45BC-A9C7-E51297DFF501}.Release|Any CPU.Build.0 = Release|Any CPU
	EndGlobalSection
	GlobalSection(SolutionProperties) = preSolution
		HideSolutionNode = FALSE
	EndGlobalSection
	GlobalSection(ExtensibilityGlobals) = postSolution
		SolutionGuid = {C49373CC-594B-4C02-B4A3-5AE465F9ACD1}
	EndGlobalSection
EndGlobal
